{
  "version": 4,
  "terraform_version": "1.0.3",
  "serial": 3,
  "lineage": "abb1ad8a-c7ff-e368-1cdb-d099a3d8ed55",
  "outputs": {},
  "resources": [
    {
      "module": "module.webserver",
      "mode": "managed",
      "type": "aws_instance",
      "name": "this",
      "provider": "provider[\"registry.terraform.io/hashicorp/aws\"]",
      "instances": [
        {
          "index_key": 0,
          "schema_version": 1,
          "attributes": {
            "ami": "ami-0e54300850599e43c",
            "arn": "arn:aws:ec2:us-east-1:309043813872:instance/i-062991f6daf2e5535",
            "associate_public_ip_address": false,
            "availability_zone": "us-east-1f",
            "capacity_reservation_specification": [
              {
                "capacity_reservation_preference": "open",
                "capacity_reservation_target": []
              }
            ],
            "cpu_core_count": 1,
            "cpu_threads_per_core": 1,
            "credit_specification": [
              {
                "cpu_credits": "standard"
              }
            ],
            "disable_api_termination": false,
            "ebs_block_device": [
              {
                "delete_on_termination": true,
                "device_name": "/dev/sdb",
                "encrypted": true,
                "iops": 150,
                "kms_key_id": "arn:aws:kms:us-east-1:309043813872:key/62c2c329-e657-4c0c-babd-b04ff5923004",
                "snapshot_id": "snap-0b1cd350d8e41b052",
                "tags": {},
                "throughput": 0,
                "volume_id": "vol-06d1a31148c97a9ae",
                "volume_size": 50,
                "volume_type": "gp2"
              }
            ],
            "ebs_optimized": false,
            "enclave_options": [
              {
                "enabled": false
              }
            ],
            "ephemeral_block_device": [],
            "get_password_data": false,
            "hibernation": false,
            "host_id": null,
            "iam_instance_profile": "",
            "id": "i-062991f6daf2e5535",
            "instance_initiated_shutdown_behavior": "stop",
            "instance_state": "running",
            "instance_type": "t2.micro",
            "ipv6_address_count": 0,
            "ipv6_addresses": [],
            "key_name": "bt-jump",
            "launch_template": [],
            "metadata_options": [
              {
                "http_endpoint": "enabled",
                "http_put_response_hop_limit": 1,
                "http_tokens": "optional"
              }
            ],
            "monitoring": false,
            "network_interface": [],
            "outpost_arn": "",
            "password_data": "",
            "placement_group": "",
            "primary_network_interface_id": "eni-0a86703cbba52e336",
            "private_dns": "ip-172-31-94-226.ec2.internal",
            "private_ip": "172.31.94.226",
            "public_dns": "",
            "public_ip": "",
            "root_block_device": [
              {
                "delete_on_termination": true,
                "device_name": "/dev/xvda",
                "encrypted": true,
                "iops": 150,
                "kms_key_id": "arn:aws:kms:us-east-1:309043813872:key/62c2c329-e657-4c0c-babd-b04ff5923004",
                "tags": {},
                "throughput": 0,
                "volume_id": "vol-03ac7d4eabbca658c",
                "volume_size": 50,
                "volume_type": "gp2"
              }
            ],
            "secondary_private_ips": [],
            "security_groups": [
              "tfexec-sg"
            ],
            "source_dest_check": true,
            "subnet_id": "subnet-462b914a",
            "tags": {
              "Name": "amzlnxec2n1",
              "instancetype": "OD",
              "name": "ec2w1"
            },
            "tags_all": {
              "Name": "amzlnxec2n1",
              "instancetype": "OD",
              "name": "ec2w1"
            },
            "tenancy": "default",
            "timeouts": null,
            "user_data": null,
            "user_data_base64": null,
            "volume_tags": {
              "Name": "amzlnxec2n1"
            },
            "vpc_security_group_ids": [
              "sg-0afa1c1392cdd1cef"
            ]
          },
          "sensitive_attributes": [],
          "private": "eyJlMmJmYjczMC1lY2FhLTExZTYtOGY4OC0zNDM2M2JjN2M0YzAiOnsiY3JlYXRlIjo2MDAwMDAwMDAwMDAsImRlbGV0ZSI6MTIwMDAwMDAwMDAwMCwidXBkYXRlIjo2MDAwMDAwMDAwMDB9LCJzY2hlbWFfdmVyc2lvbiI6IjEifQ=="
        }
      ]
    }
  ]
}
